// !$*UTF8*$!
{
	archiveVersion = 1;
	classes = {
	};
	objectVersion = 48;
	objects = {

/* Begin PBXBuildFile section */
		584EE0D92264AB4B00C841C9 /* AudioPlayerOpenAL.cpp in Sources */ = {isa = PBXBuildFile; fileRef = 584EE0D22264AB4A00C841C9 /* AudioPlayerOpenAL.cpp */; };
		584EE0DA2264AB4B00C841C9 /* WavCodec.cpp in Sources */ = {isa = PBXBuildFile; fileRef = 584EE0D32264AB4A00C841C9 /* WavCodec.cpp */; };
		584EE0DB2264AB4B00C841C9 /* AudioPlayerOsX.cpp in Sources */ = {isa = PBXBuildFile; fileRef = 584EE0D62264AB4A00C841C9 /* AudioPlayerOsX.cpp */; };
		58BB3F142243B3CC00C12F34 /* main.cpp in Sources */ = {isa = PBXBuildFile; fileRef = 58BB3F132243B3CC00C12F34 /* main.cpp */; };
		58BB3F1C2243B3D700C12F34 /* AudioToolbox.framework in Frameworks */ = {isa = PBXBuildFile; fileRef = 58BB3F1B2243B3D700C12F34 /* AudioToolbox.framework */; };
		58BB3F1E2243B3E300C12F34 /* CoreFoundation.framework in Frameworks */ = {isa = PBXBuildFile; fileRef = 58BB3F1D2243B3E300C12F34 /* CoreFoundation.framework */; };
		58BB3F202243B3E900C12F34 /* OpenAL.framework in Frameworks */ = {isa = PBXBuildFile; fileRef = 58BB3F1F2243B3E900C12F34 /* OpenAL.framework */; };
		58C00C7723E88D8F006FE9E4 /* AudioPlayerWindows.cpp in Sources */ = {isa = PBXBuildFile; fileRef = 58C00C7523E88D8F006FE9E4 /* AudioPlayerWindows.cpp */; };
/* End PBXBuildFile section */

/* Begin PBXCopyFilesBuildPhase section */
		58BB3F0E2243B3CC00C12F34 /* CopyFiles */ = {
			isa = PBXCopyFilesBuildPhase;
			buildActionMask = 2147483647;
			dstPath = /usr/share/man/man1/;
			dstSubfolderSpec = 0;
			files = (
			);
			runOnlyForDeploymentPostprocessing = 1;
		};
/* End PBXCopyFilesBuildPhase section */

/* Begin PBXFileReference section */
		584EE0D22264AB4A00C841C9 /* AudioPlayerOpenAL.cpp */ = {isa = PBXFileReference; fileEncoding = 4; lastKnownFileType = sourcecode.cpp.cpp; path = AudioPlayerOpenAL.cpp; sourceTree = "<group>"; };
		584EE0D32264AB4A00C841C9 /* WavCodec.cpp */ = {isa = PBXFileReference; fileEncoding = 4; lastKnownFileType = sourcecode.cpp.cpp; path = WavCodec.cpp; sourceTree = "<group>"; };
		584EE0D42264AB4A00C841C9 /* AudioPlayerOsX.hpp */ = {isa = PBXFileReference; fileEncoding = 4; lastKnownFileType = sourcecode.cpp.h; path = AudioPlayerOsX.hpp; sourceTree = "<group>"; };
		584EE0D52264AB4A00C841C9 /* WavCodec.hpp */ = {isa = PBXFileReference; fileEncoding = 4; lastKnownFileType = sourcecode.cpp.h; path = WavCodec.hpp; sourceTree = "<group>"; };
		584EE0D62264AB4A00C841C9 /* AudioPlayerOsX.cpp */ = {isa = PBXFileReference; fileEncoding = 4; lastKnownFileType = sourcecode.cpp.cpp; path = AudioPlayerOsX.cpp; sourceTree = "<group>"; };
		584EE0D82264AB4A00C841C9 /* AudioPlayerOpenAL.hpp */ = {isa = PBXFileReference; fileEncoding = 4; lastKnownFileType = sourcecode.cpp.h; path = AudioPlayerOpenAL.hpp; sourceTree = "<group>"; };
		58BB3F102243B3CC00C12F34 /* CliAudioToolExample */ = {isa = PBXFileReference; explicitFileType = "compiled.mach-o.executable"; includeInIndex = 0; path = CliAudioToolExample; sourceTree = BUILT_PRODUCTS_DIR; };
		58BB3F132243B3CC00C12F34 /* main.cpp */ = {isa = PBXFileReference; lastKnownFileType = sourcecode.cpp.cpp; path = main.cpp; sourceTree = "<group>"; };
		58BB3F1B2243B3D700C12F34 /* AudioToolbox.framework */ = {isa = PBXFileReference; lastKnownFileType = wrapper.framework; name = AudioToolbox.framework; path = System/Library/Frameworks/AudioToolbox.framework; sourceTree = SDKROOT; };
		58BB3F1D2243B3E300C12F34 /* CoreFoundation.framework */ = {isa = PBXFileReference; lastKnownFileType = wrapper.framework; name = CoreFoundation.framework; path = System/Library/Frameworks/CoreFoundation.framework; sourceTree = SDKROOT; };
		58BB3F1F2243B3E900C12F34 /* OpenAL.framework */ = {isa = PBXFileReference; lastKnownFileType = wrapper.framework; name = OpenAL.framework; path = System/Library/Frameworks/OpenAL.framework; sourceTree = SDKROOT; };
		58C00C7523E88D8F006FE9E4 /* AudioPlayerWindows.cpp */ = {isa = PBXFileReference; lastKnownFileType = sourcecode.cpp.cpp; path = AudioPlayerWindows.cpp; sourceTree = "<group>"; };
		58C00C7623E88D8F006FE9E4 /* AudioPlayerWindows.hpp */ = {isa = PBXFileReference; lastKnownFileType = sourcecode.cpp.h; path = AudioPlayerWindows.hpp; sourceTree = "<group>"; };
		58FBDADC2306BF03009B5504 /* MattsAudioTools.h */ = {isa = PBXFileReference; fileEncoding = 4; lastKnownFileType = sourcecode.c.h; path = MattsAudioTools.h; sourceTree = "<group>"; };
/* End PBXFileReference section */

/* Begin PBXFrameworksBuildPhase section */
		58BB3F0D2243B3CC00C12F34 /* Frameworks */ = {
			isa = PBXFrameworksBuildPhase;
			buildActionMask = 2147483647;
			files = (
				58BB3F202243B3E900C12F34 /* OpenAL.framework in Frameworks */,
				58BB3F1E2243B3E300C12F34 /* CoreFoundation.framework in Frameworks */,
				58BB3F1C2243B3D700C12F34 /* AudioToolbox.framework in Frameworks */,
			);
			runOnlyForDeploymentPostprocessing = 0;
		};
/* End PBXFrameworksBuildPhase section */

/* Begin PBXGroup section */
		584EE0D12264AB4A00C841C9 /* src */ = {
			isa = PBXGroup;
			children = (
				58FBDADC2306BF03009B5504 /* MattsAudioTools.h */,
				584EE0D22264AB4A00C841C9 /* AudioPlayerOpenAL.cpp */,
				584EE0D82264AB4A00C841C9 /* AudioPlayerOpenAL.hpp */,
				584EE0D32264AB4A00C841C9 /* WavCodec.cpp */,
				584EE0D52264AB4A00C841C9 /* WavCodec.hpp */,
				584EE0D42264AB4A00C841C9 /* AudioPlayerOsX.hpp */,
				584EE0D62264AB4A00C841C9 /* AudioPlayerOsX.cpp */,
				58C00C7523E88D8F006FE9E4 /* AudioPlayerWindows.cpp */,
				58C00C7623E88D8F006FE9E4 /* AudioPlayerWindows.hpp */,
			);
			name = src;
			path = ../../src;
			sourceTree = "<group>";
		};
		58BB3F072243B3CC00C12F34 = {
			isa = PBXGroup;
			children = (
				584EE0D12264AB4A00C841C9 /* src */,
				58BB3F122243B3CC00C12F34 /* CliAudioToolExample */,
				58BB3F112243B3CC00C12F34 /* Products */,
				58BB3F1A2243B3D700C12F34 /* Frameworks */,
			);
			sourceTree = "<group>";
		};
		58BB3F112243B3CC00C12F34 /* Products */ = {
			isa = PBXGroup;
			children = (
				58BB3F102243B3CC00C12F34 /* CliAudioToolExample */,
			);
			name = Products;
			sourceTree = "<group>";
		};
		58BB3F122243B3CC00C12F34 /* CliAudioToolExample */ = {
			isa = PBXGroup;
			children = (
				58BB3F132243B3CC00C12F34 /* main.cpp */,
			);
			path = CliAudioToolExample;
			sourceTree = "<group>";
		};
		58BB3F1A2243B3D700C12F34 /* Frameworks */ = {
			isa = PBXGroup;
			children = (
				58BB3F1F2243B3E900C12F34 /* OpenAL.framework */,
				58BB3F1D2243B3E300C12F34 /* CoreFoundation.framework */,
				58BB3F1B2243B3D700C12F34 /* AudioToolbox.framework */,
			);
			name = Frameworks;
			sourceTree = "<group>";
		};
/* End PBXGroup section */

/* Begin PBXNativeTarget section */
		58BB3F0F2243B3CC00C12F34 /* CliAudioToolExample */ = {
			isa = PBXNativeTarget;
			buildConfigurationList = 58BB3F172243B3CC00C12F34 /* Build configuration list for PBXNativeTarget "CliAudioToolExample" */;
			buildPhases = (
				58BB3F0C2243B3CC00C12F34 /* Sources */,
				58BB3F0D2243B3CC00C12F34 /* Frameworks */,
				58BB3F0E2243B3CC00C12F34 /* CopyFiles */,
			);
			buildRules = (
			);
			dependencies = (
			);
			name = CliAudioToolExample;
			productName = CliAudioToolExample;
			productReference = 58BB3F102243B3CC00C12F34 /* CliAudioToolExample */;
			productType = "com.apple.product-type.tool";
		};
/* End PBXNativeTarget section */

/* Begin PBXProject section */
		58BB3F082243B3CC00C12F34 /* Project object */ = {
			isa = PBXProject;
			attributes = {
				LastUpgradeCheck = 0920;
				ORGANIZATIONNAME = mhamilt7;
				TargetAttributes = {
					58BB3F0F2243B3CC00C12F34 = {
						CreatedOnToolsVersion = 9.2;
						ProvisioningStyle = Automatic;
					};
				};
			};
			buildConfigurationList = 58BB3F0B2243B3CC00C12F34 /* Build configuration list for PBXProject "CliAudioToolExample" */;
			compatibilityVersion = "Xcode 8.0";
			developmentRegion = en;
			hasScannedForEncodings = 0;
			knownRegions = (
				en,
			);
			mainGroup = 58BB3F072243B3CC00C12F34;
			productRefGroup = 58BB3F112243B3CC00C12F34 /* Products */;
			projectDirPath = "";
			projectRoot = "";
			targets = (
				58BB3F0F2243B3CC00C12F34 /* CliAudioToolExample */,
			);
		};
/* End PBXProject section */

/* Begin PBXSourcesBuildPhase section */
		58BB3F0C2243B3CC00C12F34 /* Sources */ = {
			isa = PBXSourcesBuildPhase;
			buildActionMask = 2147483647;
			files = (
				58C00C7723E88D8F006FE9E4 /* AudioPlayerWindows.cpp in Sources */,
				584EE0DB2264AB4B00C841C9 /* AudioPlayerOsX.cpp in Sources */,
				584EE0DA2264AB4B00C841C9 /* WavCodec.cpp in Sources */,
				584EE0D92264AB4B00C841C9 /* AudioPlayerOpenAL.cpp in Sources */,
				58BB3F142243B3CC00C12F34 /* main.cpp in Sources */,
			);
			runOnlyForDeploymentPostprocessing = 0;
		};
/* End PBXSourcesBuildPhase section */

/* Begin XCBuildConfiguration section */
		58BB3F152243B3CC00C12F34 /* Debug */ = {
			isa = XCBuildConfiguration;
			buildSettings = {
				ALWAYS_SEARCH_USER_PATHS = NO;
				CLANG_ANALYZER_NONNULL = YES;
				CLANG_ANALYZER_NUMBER_OBJECT_CONVERSION = YES_AGGRESSIVE;
				CLANG_CXX_LANGUAGE_STANDARD = "gnu++14";
				CLANG_CXX_LIBRARY = "libc++";
				CLANG_ENABLE_MODULES = YES;
				CLANG_ENABLE_OBJC_ARC = YES;
				CLANG_WARN_BLOCK_CAPTURE_AUTORELEASING = YES;
				CLANG_WARN_BOOL_CONVERSION = YES;
				CLANG_WARN_COMMA = YES;
				CLANG_WARN_CONSTANT_CONVERSION = YES;
				CLANG_WARN_DIRECT_OBJC_ISA_USAGE = YES_ERROR;
				CLANG_WARN_DOCUMENTATION_COMMENTS = YES;
				CLANG_WARN_EMPTY_BODY = YES;
				CLANG_WARN_ENUM_CONVERSION = YES;
				CLANG_WARN_INFINITE_RECURSION = YES;
				CLANG_WARN_INT_CONVERSION = YES;
				CLANG_WARN_NON_LITERAL_NULL_CONVERSION = YES;
				CLANG_WARN_OBJC_LITERAL_CONVERSION = YES;
				CLANG_WARN_OBJC_ROOT_CLASS = YES_ERROR;
				CLANG_WARN_RANGE_LOOP_ANALYSIS = YES;
				CLANG_WARN_STRICT_PROTOTYPES = YES;
				CLANG_WARN_SUSPICIOUS_MOVE = YES;
				CLANG_WARN_UNGUARDED_AVAILABILITY = YES_AGGRESSIVE;
				CLANG_WARN_UNREACHABLE_CODE = YES;
				CLANG_WARN__DUPLICATE_METHOD_MATCH = YES;
				CODE_SIGN_IDENTITY = "Mac Developer";
				COPY_PHASE_STRIP = NO;
				DEBUG_INFORMATION_FORMAT = dwarf;
				ENABLE_STRICT_OBJC_MSGSEND = YES;
				ENABLE_TESTABILITY = YES;
				GCC_C_LANGUAGE_STANDARD = gnu11;
				GCC_DYNAMIC_NO_PIC = NO;
				GCC_NO_COMMON_BLOCKS = YES;
				GCC_OPTIMIZATION_LEVEL = 0;
				GCC_PREPROCESSOR_DEFINITIONS = (
					"DEBUG=1",
					"$(inherited)",
				);
				GCC_WARN_64_TO_32_BIT_CONVERSION = YES;
				GCC_WARN_ABOUT_RETURN_TYPE = YES_ERROR;
				GCC_WARN_UNDECLARED_SELECTOR = YES;
				GCC_WARN_UNINITIALIZED_AUTOS = YES_AGGRESSIVE;
				GCC_WARN_UNUSED_FUNCTION = YES;
				GCC_WARN_UNUSED_VARIABLE = YES;
				MACOSX_DEPLOYMENT_TARGET = 10.13;
				MTL_ENABLE_DEBUG_INFO = YES;
				ONLY_ACTIVE_ARCH = YES;
				SDKROOT = macosx;
			};
			name = Debug;
		};
		58BB3F162243B3CC00C12F34 /* Release */ = {
			isa = XCBuildConfiguration;
			buildSettings = {
				ALWAYS_SEARCH_USER_PATHS = NO;
				CLANG_ANALYZER_NONNULL = YES;
				CLANG_ANALYZER_NUMBER_OBJECT_CONVERSION = YES_AGGRESSIVE;
				CLANG_CXX_LANGUAGE_STANDARD = "gnu++14";
				CLANG_CXX_LIBRARY = "libc++";
				CLANG_ENABLE_MODULES = YES;
				CLANG_ENABLE_OBJC_ARC = YES;
				CLANG_WARN_BLOCK_CAPTURE_AUTORELEASING = YES;
				CLANG_WARN_BOOL_CONVERSION = YES;
				CLANG_WARN_COMMA = YES;
				CLANG_WARN_CONSTANT_CONVERSION = YES;
				CLANG_WARN_DIRECT_OBJC_ISA_USAGE = YES_ERROR;
				CLANG_WARN_DOCUMENTATION_COMMENTS = YES;
				CLANG_WARN_EMPTY_BODY = YES;
				CLANG_WARN_ENUM_CONVERSION = YES;
				CLANG_WARN_INFINITE_RECURSION = YES;
				CLANG_WARN_INT_CONVERSION = YES;
				CLANG_WARN_NON_LITERAL_NULL_CONVERSION = YES;
				CLANG_WARN_OBJC_LITERAL_CONVERSION = YES;
				CLANG_WARN_OBJC_ROOT_CLASS = YES_ERROR;
				CLANG_WARN_RANGE_LOOP_ANALYSIS = YES;
				CLANG_WARN_STRICT_PROTOTYPES = YES;
				CLANG_WARN_SUSPICIOUS_MOVE = YES;
				CLANG_WARN_UNGUARDED_AVAILABILITY = YES_AGGRESSIVE;
				CLANG_WARN_UNREACHABLE_CODE = YES;
				CLANG_WARN__DUPLICATE_METHOD_MATCH = YES;
				CODE_SIGN_IDENTITY = "Mac Developer";
				COPY_PHASE_STRIP = NO;
				DEBUG_INFORMATION_FORMAT = "dwarf-with-dsym";
				ENABLE_NS_ASSERTIONS = NO;
				ENABLE_STRICT_OBJC_MSGSEND = YES;
				GCC_C_LANGUAGE_STANDARD = gnu11;
				GCC_NO_COMMON_BLOCKS = YES;
				GCC_WARN_64_TO_32_BIT_CONVERSION = YES;
				GCC_WARN_ABOUT_RETURN_TYPE = YES_ERROR;
				GCC_WARN_UNDECLARED_SELECTOR = YES;
				GCC_WARN_UNINITIALIZED_AUTOS = YES_AGGRESSIVE;
				GCC_WARN_UNUSED_FUNCTION = YES;
				GCC_WARN_UNUSED_VARIABLE = YES;
				MACOSX_DEPLOYMENT_TARGET = 10.13;
				MTL_ENABLE_DEBUG_INFO = NO;
				SDKROOT = macosx;
			};
			name = Release;
		};
		58BB3F182243B3CC00C12F34 /* Debug */ = {
			isa = XCBuildConfiguration;
			buildSettings = {
				CODE_SIGN_STYLE = Automatic;
				DEVELOPMENT_TEAM = XZ388CS8AV;
				GCC_OPTIMIZATION_LEVEL = 3;
				PRODUCT_NAME = "$(TARGET_NAME)";
			};
			name = Debug;
		};
		58BB3F192243B3CC00C12F34 /* Release */ = {
			isa = XCBuildConfiguration;
			buildSettings = {
				CODE_SIGN_STYLE = Automatic;
				DEVELOPMENT_TEAM = XZ388CS8AV;
				PRODUCT_NAME = "$(TARGET_NAME)";
			};
			name = Release;
		};
/* End XCBuildConfiguration section */

/* Begin XCConfigurationList section */
		58BB3F0B2243B3CC00C12F34 /* Build configuration list for PBXProject "CliAudioToolExample" */ = {
			isa = XCConfigurationList;
			buildConfigurations = (
				58BB3F152243B3CC00C12F34 /* Debug */,
				58BB3F162243B3CC00C12F34 /* Release */,
			);
			defaultConfigurationIsVisible = 0;
			defaultConfigurationName = Release;
		};
		58BB3F172243B3CC00C12F34 /* Build configuration list for PBXNativeTarget "CliAudioToolExample" */ = {
			isa = XCConfigurationList;
			buildConfigurations = (
				58BB3F182243B3CC00C12F34 /* Debug */,
				58BB3F192243B3CC00C12F34 /* Release */,
			);
			defaultConfigurationIsVisible = 0;
			defaultConfigurationName = Release;
		};
/* End XCConfigurationList section */
	};
	rootObject = 58BB3F082243B3CC00C12F34 /* Project object */;
}
